
Microsoft Visual Studio Solution File, Format Version 12.00
# Visual Studio Version 16
VisualStudioVersion = 16.0.31515.178
MinimumVisualStudioVersion = 10.0.40219.1
Project("{FAE04EC0-301F-11D3-BF4B-00C04F79EFBC}") = "LocalTestPortal", "LocalTestPortal.csproj", "{6A674C35-DEDF-43A9-B7D4-EE00090D59CF}"
EndProject
Global
	GlobalSection(SolutionConfigurationPlatforms) = preSolution
		Debug|Any CPU = Debug|Any CPU
		Release|Any CPU = Release|Any CPU
	EndGlobalSection
	GlobalSection(ProjectConfigurationPlatforms) = postSolution
		{6A674C35-DEDF-43A9-B7D4-EE00090D59CF}.Debug|Any CPU.ActiveCfg = Debug|Any CPU
		{6A674C35-DEDF-43A9-B7D4-EE00090D59CF}.Debug|Any CPU.Build.0 = Debug|Any CPU
		{6A674C35-DEDF-43A9-B7D4-EE00090D59CF}.Release|Any CPU.ActiveCfg = Release|Any CPU
		{6A674C35-DEDF-43A9-B7D4-EE00090D59CF}.Release|Any CPU.Build.0 = Release|Any CPU
	EndGlobalSection
	GlobalSection(SolutionProperties) = preSolution
		HideSolutionNode = FALSE
	EndGlobalSection
	GlobalSection(ExtensibilityGlobals) = postSolution
		SolutionGuid = {2945813E-4F75-40BF-8E04-A5ECEE7A0380}
	EndGlobalSection
EndGlobal
